
Microsoft Visual Studio Solution File, Format Version 12.00
# Visual Studio Version 17
VisualStudioVersion = 17.11.35222.181
MinimumVisualStudioVersion = 10.0.40219.1
Project("{9A19103F-16F7-4668-BE54-9A1E7A4F7556}") = "Web", "WebApplication1\Web.csproj", "{6D632C99-F52F-4F2D-BA0B-490B92721907}"
EndProject
Project("{9A19103F-16F7-4668-BE54-9A1E7A4F7556}") = "Data", "Data\Data.csproj", "{26D67782-D637-4125-A0D4-D0D9B45405DC}"
EndProject
Project("{9A19103F-16F7-4668-BE54-9A1E7A4F7556}") = "Services", "Services\Services.csproj", "{519A9B58-9A71-4B85-86DF-3723785D0D24}"
EndProject
Project("{FAE04EC0-301F-11D3-BF4B-00C04F79EFBC}") = "Common", "Common\Common.csproj", "{E0FEC13F-6D38-4960-8857-8F44EE839B55}"
EndProject
Global
	GlobalSection(SolutionConfigurationPlatforms) = preSolution
		Debug|Any CPU = Debug|Any CPU
		Release|Any CPU = Release|Any CPU
	EndGlobalSection
	GlobalSection(ProjectConfigurationPlatforms) = postSolution
		{6D632C99-F52F-4F2D-BA0B-490B92721907}.Debug|Any CPU.ActiveCfg = Debug|Any CPU
		{6D632C99-F52F-4F2D-BA0B-490B92721907}.Debug|Any CPU.Build.0 = Debug|Any CPU
		{6D632C99-F52F-4F2D-BA0B-490B92721907}.Release|Any CPU.ActiveCfg = Release|Any CPU
		{6D632C99-F52F-4F2D-BA0B-490B92721907}.Release|Any CPU.Build.0 = Release|Any CPU
		{26D67782-D637-4125-A0D4-D0D9B45405DC}.Debug|Any CPU.ActiveCfg = Debug|Any CPU
		{26D67782-D637-4125-A0D4-D0D9B45405DC}.Debug|Any CPU.Build.0 = Debug|Any CPU
		{26D67782-D637-4125-A0D4-D0D9B45405DC}.Release|Any CPU.ActiveCfg = Release|Any CPU
		{26D67782-D637-4125-A0D4-D0D9B45405DC}.Release|Any CPU.Build.0 = Release|Any CPU
		{519A9B58-9A71-4B85-86DF-3723785D0D24}.Debug|Any CPU.ActiveCfg = Debug|Any CPU
		{519A9B58-9A71-4B85-86DF-3723785D0D24}.Debug|Any CPU.Build.0 = Debug|Any CPU
		{519A9B58-9A71-4B85-86DF-3723785D0D24}.Release|Any CPU.ActiveCfg = Release|Any CPU
		{519A9B58-9A71-4B85-86DF-3723785D0D24}.Release|Any CPU.Build.0 = Release|Any CPU
		{E0FEC13F-6D38-4960-8857-8F44EE839B55}.Debug|Any CPU.ActiveCfg = Debug|Any CPU
		{E0FEC13F-6D38-4960-8857-8F44EE839B55}.Debug|Any CPU.Build.0 = Debug|Any CPU
		{E0FEC13F-6D38-4960-8857-8F44EE839B55}.Release|Any CPU.ActiveCfg = Release|Any CPU
		{E0FEC13F-6D38-4960-8857-8F44EE839B55}.Release|Any CPU.Build.0 = Release|Any CPU
	EndGlobalSection
	GlobalSection(SolutionProperties) = preSolution
		HideSolutionNode = FALSE
	EndGlobalSection
	GlobalSection(ExtensibilityGlobals) = postSolution
		SolutionGuid = {AA9E597C-1DD1-4A5E-B45A-5041AD7A7B42}
	EndGlobalSection
EndGlobal
